// !$*UTF8*$!
{
	archiveVersion = 1;
	classes = {
	};
	objectVersion = 51;
	objects = {

/* Begin PBXBuildFile section */
		57C901BFDFAFAC8A38FE8F57 /* Pods_ArtistInformation.framework in Frameworks */ = {isa = PBXBuildFile; fileRef = 69392920A404C349A16BCCEE /* Pods_ArtistInformation.framework */; };
		FD29898425D4BA210004A292 /* ArtistInformationApp.swift in Sources */ = {isa = PBXBuildFile; fileRef = FD29898325D4BA210004A292 /* ArtistInformationApp.swift */; };
		FD29898625D4BA210004A292 /* ContentView.swift in Sources */ = {isa = PBXBuildFile; fileRef = FD29898525D4BA210004A292 /* ContentView.swift */; };
		FD29898825D4BA220004A292 /* Assets.xcassets in Resources */ = {isa = PBXBuildFile; fileRef = FD29898725D4BA220004A292 /* Assets.xcassets */; };
		FD29898B25D4BA220004A292 /* Preview Assets.xcassets in Resources */ = {isa = PBXBuildFile; fileRef = FD29898A25D4BA220004A292 /* Preview Assets.xcassets */; };
		FD29899425D4BABB0004A292 /* ArtistSelectView.swift in Sources */ = {isa = PBXBuildFile; fileRef = FD29899325D4BABB0004A292 /* ArtistSelectView.swift */; };
		FD29899725D4BE8A0004A292 /* ArtistInfoView.swift in Sources */ = {isa = PBXBuildFile; fileRef = FD29899625D4BE8A0004A292 /* ArtistInfoView.swift */; };
		FD29899E25D4C17F0004A292 /* GetData.swift in Sources */ = {isa = PBXBuildFile; fileRef = FD29899D25D4C17F0004A292 /* GetData.swift */; };
		FDDEA39025D4CA7100A9B8A6 /* DataType.swift in Sources */ = {isa = PBXBuildFile; fileRef = FDDEA38F25D4CA7100A9B8A6 /* DataType.swift */; };
		FDDEA39325D4CED700A9B8A6 /* TrackInfoView.swift in Sources */ = {isa = PBXBuildFile; fileRef = FDDEA39225D4CED700A9B8A6 /* TrackInfoView.swift */; };
/* End PBXBuildFile section */

/* Begin PBXFileReference section */
		113EACA667BD16AA5675317B /* Pods-ArtistInformation.debug.xcconfig */ = {isa = PBXFileReference; includeInIndex = 1; lastKnownFileType = text.xcconfig; name = "Pods-ArtistInformation.debug.xcconfig"; path = "Target Support Files/Pods-ArtistInformation/Pods-ArtistInformation.debug.xcconfig"; sourceTree = "<group>"; };
		69392920A404C349A16BCCEE /* Pods_ArtistInformation.framework */ = {isa = PBXFileReference; explicitFileType = wrapper.framework; includeInIndex = 0; path = Pods_ArtistInformation.framework; sourceTree = BUILT_PRODUCTS_DIR; };
		DB0D5B170269C3B622F74B8A /* Pods-ArtistInformation.release.xcconfig */ = {isa = PBXFileReference; includeInIndex = 1; lastKnownFileType = text.xcconfig; name = "Pods-ArtistInformation.release.xcconfig"; path = "Target Support Files/Pods-ArtistInformation/Pods-ArtistInformation.release.xcconfig"; sourceTree = "<group>"; };
		FD29898025D4BA210004A292 /* ArtistInformation.app */ = {isa = PBXFileReference; explicitFileType = wrapper.application; includeInIndex = 0; path = ArtistInformation.app; sourceTree = BUILT_PRODUCTS_DIR; };
		FD29898325D4BA210004A292 /* ArtistInformationApp.swift */ = {isa = PBXFileReference; lastKnownFileType = sourcecode.swift; path = ArtistInformationApp.swift; sourceTree = "<group>"; };
		FD29898525D4BA210004A292 /* ContentView.swift */ = {isa = PBXFileReference; lastKnownFileType = sourcecode.swift; path = ContentView.swift; sourceTree = "<group>"; };
		FD29898725D4BA220004A292 /* Assets.xcassets */ = {isa = PBXFileReference; lastKnownFileType = folder.assetcatalog; path = Assets.xcassets; sourceTree = "<group>"; };
		FD29898A25D4BA220004A292 /* Preview Assets.xcassets */ = {isa = PBXFileReference; lastKnownFileType = folder.assetcatalog; path = "Preview Assets.xcassets"; sourceTree = "<group>"; };
		FD29898C25D4BA220004A292 /* Info.plist */ = {isa = PBXFileReference; lastKnownFileType = text.plist.xml; path = Info.plist; sourceTree = "<group>"; };
		FD29899325D4BABB0004A292 /* ArtistSelectView.swift */ = {isa = PBXFileReference; lastKnownFileType = sourcecode.swift; path = ArtistSelectView.swift; sourceTree = "<group>"; };
		FD29899625D4BE8A0004A292 /* ArtistInfoView.swift */ = {isa = PBXFileReference; lastKnownFileType = sourcecode.swift; path = ArtistInfoView.swift; sourceTree = "<group>"; };
		FD29899D25D4C17F0004A292 /* GetData.swift */ = {isa = PBXFileReference; lastKnownFileType = sourcecode.swift; path = GetData.swift; sourceTree = "<group>"; };
		FDDEA38F25D4CA7100A9B8A6 /* DataType.swift */ = {isa = PBXFileReference; lastKnownFileType = sourcecode.swift; path = DataType.swift; sourceTree = "<group>"; };
		FDDEA39225D4CED700A9B8A6 /* TrackInfoView.swift */ = {isa = PBXFileReference; lastKnownFileType = sourcecode.swift; path = TrackInfoView.swift; sourceTree = "<group>"; };
/* End PBXFileReference section */

/* Begin PBXFrameworksBuildPhase section */
		FD29897D25D4BA210004A292 /* Frameworks */ = {
			isa = PBXFrameworksBuildPhase;
			buildActionMask = 2147483647;
			files = (
				57C901BFDFAFAC8A38FE8F57 /* Pods_ArtistInformation.framework in Frameworks */,
			);
			runOnlyForDeploymentPostprocessing = 0;
		};
/* End PBXFrameworksBuildPhase section */

/* Begin PBXGroup section */
		96C80C6873E13E5C2E06EB50 /* Pods */ = {
			isa = PBXGroup;
			children = (
				113EACA667BD16AA5675317B /* Pods-ArtistInformation.debug.xcconfig */,
				DB0D5B170269C3B622F74B8A /* Pods-ArtistInformation.release.xcconfig */,
			);
			path = Pods;
			sourceTree = "<group>";
		};
		D7C992A5E3BF580779744FB2 /* Frameworks */ = {
			isa = PBXGroup;
			children = (
				69392920A404C349A16BCCEE /* Pods_ArtistInformation.framework */,
			);
			name = Frameworks;
			sourceTree = "<group>";
		};
		FD29897725D4BA210004A292 = {
			isa = PBXGroup;
			children = (
				FD29898225D4BA210004A292 /* ArtistInformation */,
				FD29898125D4BA210004A292 /* Products */,
				96C80C6873E13E5C2E06EB50 /* Pods */,
				D7C992A5E3BF580779744FB2 /* Frameworks */,
			);
			sourceTree = "<group>";
		};
		FD29898125D4BA210004A292 /* Products */ = {
			isa = PBXGroup;
			children = (
				FD29898025D4BA210004A292 /* ArtistInformation.app */,
			);
			name = Products;
			sourceTree = "<group>";
		};
		FD29898225D4BA210004A292 /* ArtistInformation */ = {
			isa = PBXGroup;
			children = (
				FD29898325D4BA210004A292 /* ArtistInformationApp.swift */,
				FD29898525D4BA210004A292 /* ContentView.swift */,
				FD29898725D4BA220004A292 /* Assets.xcassets */,
				FD29898C25D4BA220004A292 /* Info.plist */,
				FD29898925D4BA220004A292 /* Preview Content */,
				FD29899325D4BABB0004A292 /* ArtistSelectView.swift */,
				FD29899625D4BE8A0004A292 /* ArtistInfoView.swift */,
				FD29899D25D4C17F0004A292 /* GetData.swift */,
				FDDEA38F25D4CA7100A9B8A6 /* DataType.swift */,
				FDDEA39225D4CED700A9B8A6 /* TrackInfoView.swift */,
			);
			path = ArtistInformation;
			sourceTree = "<group>";
		};
		FD29898925D4BA220004A292 /* Preview Content */ = {
			isa = PBXGroup;
			children = (
				FD29898A25D4BA220004A292 /* Preview Assets.xcassets */,
			);
			path = "Preview Content";
			sourceTree = "<group>";
		};
/* End PBXGroup section */

/* Begin PBXNativeTarget section */
		FD29897F25D4BA210004A292 /* ArtistInformation */ = {
			isa = PBXNativeTarget;
			buildConfigurationList = FD29898F25D4BA220004A292 /* Build configuration list for PBXNativeTarget "ArtistInformation" */;
			buildPhases = (
				A2F39DA65D593F1136449468 /* [CP] Check Pods Manifest.lock */,
				FD29897C25D4BA210004A292 /* Sources */,
				FD29897D25D4BA210004A292 /* Frameworks */,
				FD29897E25D4BA210004A292 /* Resources */,
				F5FE491DDBABEE7F15191636 /* [CP] Embed Pods Frameworks */,
			);
			buildRules = (
			);
			dependencies = (
			);
			name = ArtistInformation;
			productName = ArtistInformation;
			productReference = FD29898025D4BA210004A292 /* ArtistInformation.app */;
			productType = "com.apple.product-type.application";
		};
/* End PBXNativeTarget section */

/* Begin PBXProject section */
		FD29897825D4BA210004A292 /* Project object */ = {
			isa = PBXProject;
			attributes = {
				LastSwiftUpdateCheck = 1240;
				LastUpgradeCheck = 1240;
				TargetAttributes = {
					FD29897F25D4BA210004A292 = {
						CreatedOnToolsVersion = 12.4;
					};
				};
			};
			buildConfigurationList = FD29897B25D4BA210004A292 /* Build configuration list for PBXProject "ArtistInformation" */;
			compatibilityVersion = "Xcode 9.3";
			developmentRegion = en;
			hasScannedForEncodings = 0;
			knownRegions = (
				en,
				Base,
			);
			mainGroup = FD29897725D4BA210004A292;
			productRefGroup = FD29898125D4BA210004A292 /* Products */;
			projectDirPath = "";
			projectRoot = "";
			targets = (
				FD29897F25D4BA210004A292 /* ArtistInformation */,
			);
		};
/* End PBXProject section */

/* Begin PBXResourcesBuildPhase section */
		FD29897E25D4BA210004A292 /* Resources */ = {
			isa = PBXResourcesBuildPhase;
			buildActionMask = 2147483647;
			files = (
				FD29898B25D4BA220004A292 /* Preview Assets.xcassets in Resources */,
				FD29898825D4BA220004A292 /* Assets.xcassets in Resources */,
			);
			runOnlyForDeploymentPostprocessing = 0;
		};
/* End PBXResourcesBuildPhase section */

/* Begin PBXShellScriptBuildPhase section */
		A2F39DA65D593F1136449468 /* [CP] Check Pods Manifest.lock */ = {
			isa = PBXShellScriptBuildPhase;
			buildActionMask = 2147483647;
			files = (
			);
			inputFileListPaths = (
			);
			inputPaths = (
				"${PODS_PODFILE_DIR_PATH}/Podfile.lock",
				"${PODS_ROOT}/Manifest.lock",
			);
			name = "[CP] Check Pods Manifest.lock";
			outputFileListPaths = (
			);
			outputPaths = (
				"$(DERIVED_FILE_DIR)/Pods-ArtistInformation-checkManifestLockResult.txt",
			);
			runOnlyForDeploymentPostprocessing = 0;
			shellPath = /bin/sh;
			shellScript = "diff \"${PODS_PODFILE_DIR_PATH}/Podfile.lock\" \"${PODS_ROOT}/Manifest.lock\" > /dev/null\nif [ $? != 0 ] ; then\n    # print error to STDERR\n    echo \"error: The sandbox is not in sync with the Podfile.lock. Run 'pod install' or update your CocoaPods installation.\" >&2\n    exit 1\nfi\n# This output is used by Xcode 'outputs' to avoid re-running this script phase.\necho \"SUCCESS\" > \"${SCRIPT_OUTPUT_FILE_0}\"\n";
			showEnvVarsInLog = 0;
		};
		F5FE491DDBABEE7F15191636 /* [CP] Embed Pods Frameworks */ = {
			isa = PBXShellScriptBuildPhase;
			buildActionMask = 2147483647;
			files = (
			);
			inputFileListPaths = (
				"${PODS_ROOT}/Target Support Files/Pods-ArtistInformation/Pods-ArtistInformation-frameworks-${CONFIGURATION}-input-files.xcfilelist",
			);
			name = "[CP] Embed Pods Frameworks";
			outputFileListPaths = (
				"${PODS_ROOT}/Target Support Files/Pods-ArtistInformation/Pods-ArtistInformation-frameworks-${CONFIGURATION}-output-files.xcfilelist",
			);
			runOnlyForDeploymentPostprocessing = 0;
			shellPath = /bin/sh;
			shellScript = "\"${PODS_ROOT}/Target Support Files/Pods-ArtistInformation/Pods-ArtistInformation-frameworks.sh\"\n";
			showEnvVarsInLog = 0;
		};
/* End PBXShellScriptBuildPhase section */

/* Begin PBXSourcesBuildPhase section */
		FD29897C25D4BA210004A292 /* Sources */ = {
			isa = PBXSourcesBuildPhase;
			buildActionMask = 2147483647;
			files = (
				FD29899425D4BABB0004A292 /* ArtistSelectView.swift in Sources */,
				FDDEA39025D4CA7100A9B8A6 /* DataType.swift in Sources */,
				FDDEA39325D4CED700A9B8A6 /* TrackInfoView.swift in Sources */,
				FD29899725D4BE8A0004A292 /* ArtistInfoView.swift in Sources */,
				FD29899E25D4C17F0004A292 /* GetData.swift in Sources */,
				FD29898625D4BA210004A292 /* ContentView.swift in Sources */,
				FD29898425D4BA210004A292 /* ArtistInformationApp.swift in Sources */,
			);
			runOnlyForDeploymentPostprocessing = 0;
		};
/* End PBXSourcesBuildPhase section */

/* Begin XCBuildConfiguration section */
		FD29898D25D4BA220004A292 /* Debug */ = {
			isa = XCBuildConfiguration;
			buildSettings = {
				ALWAYS_SEARCH_USER_PATHS = NO;
				CLANG_ANALYZER_NONNULL = YES;
				CLANG_ANALYZER_NUMBER_OBJECT_CONVERSION = YES_AGGRESSIVE;
				CLANG_CXX_LANGUAGE_STANDARD = "gnu++14";
				CLANG_CXX_LIBRARY = "libc++";
				CLANG_ENABLE_MODULES = YES;
				CLANG_ENABLE_OBJC_ARC = YES;
				CLANG_ENABLE_OBJC_WEAK = YES;
				CLANG_WARN_BLOCK_CAPTURE_AUTORELEASING = YES;
				CLANG_WARN_BOOL_CONVERSION = YES;
				CLANG_WARN_COMMA = YES;
				CLANG_WARN_CONSTANT_CONVERSION = YES;
				CLANG_WARN_DEPRECATED_OBJC_IMPLEMENTATIONS = YES;
				CLANG_WARN_DIRECT_OBJC_ISA_USAGE = YES_ERROR;
				CLANG_WARN_DOCUMENTATION_COMMENTS = YES;
				CLANG_WARN_EMPTY_BODY = YES;
				CLANG_WARN_ENUM_CONVERSION = YES;
				CLANG_WARN_INFINITE_RECURSION = YES;
				CLANG_WARN_INT_CONVERSION = YES;
				CLANG_WARN_NON_LITERAL_NULL_CONVERSION = YES;
				CLANG_WARN_OBJC_IMPLICIT_RETAIN_SELF = YES;
				CLANG_WARN_OBJC_LITERAL_CONVERSION = YES;
				CLANG_WARN_OBJC_ROOT_CLASS = YES_ERROR;
				CLANG_WARN_QUOTED_INCLUDE_IN_FRAMEWORK_HEADER = YES;
				CLANG_WARN_RANGE_LOOP_ANALYSIS = YES;
				CLANG_WARN_STRICT_PROTOTYPES = YES;
				CLANG_WARN_SUSPICIOUS_MOVE = YES;
				CLANG_WARN_UNGUARDED_AVAILABILITY = YES_AGGRESSIVE;
				CLANG_WARN_UNREACHABLE_CODE = YES;
				CLANG_WARN__DUPLICATE_METHOD_MATCH = YES;
				COPY_PHASE_STRIP = NO;
				DEBUG_INFORMATION_FORMAT = dwarf;
				ENABLE_STRICT_OBJC_MSGSEND = YES;
				ENABLE_TESTABILITY = YES;
				GCC_C_LANGUAGE_STANDARD = gnu11;
				GCC_DYNAMIC_NO_PIC = NO;
				GCC_NO_COMMON_BLOCKS = YES;
				GCC_OPTIMIZATION_LEVEL = 0;
				GCC_PREPROCESSOR_DEFINITIONS = (
					"DEBUG=1",
					"$(inherited)",
				);
				GCC_WARN_64_TO_32_BIT_CONVERSION = YES;
				GCC_WARN_ABOUT_RETURN_TYPE = YES_ERROR;
				GCC_WARN_UNDECLARED_SELECTOR = YES;
				GCC_WARN_UNINITIALIZED_AUTOS = YES_AGGRESSIVE;
				GCC_WARN_UNUSED_FUNCTION = YES;
				GCC_WARN_UNUSED_VARIABLE = YES;
				IPHONEOS_DEPLOYMENT_TARGET = 14.4;
				MTL_ENABLE_DEBUG_INFO = INCLUDE_SOURCE;
				MTL_FAST_MATH = YES;
				ONLY_ACTIVE_ARCH = YES;
				SDKROOT = iphoneos;
				SWIFT_ACTIVE_COMPILATION_CONDITIONS = DEBUG;
				SWIFT_OPTIMIZATION_LEVEL = "-Onone";
			};
			name = Debug;
		};
		FD29898E25D4BA220004A292 /* Release */ = {
			isa = XCBuildConfiguration;
			buildSettings = {
				ALWAYS_SEARCH_USER_PATHS = NO;
				CLANG_ANALYZER_NONNULL = YES;
				CLANG_ANALYZER_NUMBER_OBJECT_CONVERSION = YES_AGGRESSIVE;
				CLANG_CXX_LANGUAGE_STANDARD = "gnu++14";
				CLANG_CXX_LIBRARY = "libc++";
				CLANG_ENABLE_MODULES = YES;
				CLANG_ENABLE_OBJC_ARC = YES;
				CLANG_ENABLE_OBJC_WEAK = YES;
				CLANG_WARN_BLOCK_CAPTURE_AUTORELEASING = YES;
				CLANG_WARN_BOOL_CONVERSION = YES;
				CLANG_WARN_COMMA = YES;
				CLANG_WARN_CONSTANT_CONVERSION = YES;
				CLANG_WARN_DEPRECATED_OBJC_IMPLEMENTATIONS = YES;
				CLANG_WARN_DIRECT_OBJC_ISA_USAGE = YES_ERROR;
				CLANG_WARN_DOCUMENTATION_COMMENTS = YES;
				CLANG_WARN_EMPTY_BODY = YES;
				CLANG_WARN_ENUM_CONVERSION = YES;
				CLANG_WARN_INFINITE_RECURSION = YES;
				CLANG_WARN_INT_CONVERSION = YES;
				CLANG_WARN_NON_LITERAL_NULL_CONVERSION = YES;
				CLANG_WARN_OBJC_IMPLICIT_RETAIN_SELF = YES;
				CLANG_WARN_OBJC_LITERAL_CONVERSION = YES;
				CLANG_WARN_OBJC_ROOT_CLASS = YES_ERROR;
				CLANG_WARN_QUOTED_INCLUDE_IN_FRAMEWORK_HEADER = YES;
				CLANG_WARN_RANGE_LOOP_ANALYSIS = YES;
				CLANG_WARN_STRICT_PROTOTYPES = YES;
				CLANG_WARN_SUSPICIOUS_MOVE = YES;
				CLANG_WARN_UNGUARDED_AVAILABILITY = YES_AGGRESSIVE;
				CLANG_WARN_UNREACHABLE_CODE = YES;
				CLANG_WARN__DUPLICATE_METHOD_MATCH = YES;
				COPY_PHASE_STRIP = NO;
				DEBUG_INFORMATION_FORMAT = "dwarf-with-dsym";
				ENABLE_NS_ASSERTIONS = NO;
				ENABLE_STRICT_OBJC_MSGSEND = YES;
				GCC_C_LANGUAGE_STANDARD = gnu11;
				GCC_NO_COMMON_BLOCKS = YES;
				GCC_WARN_64_TO_32_BIT_CONVERSION = YES;
				GCC_WARN_ABOUT_RETURN_TYPE = YES_ERROR;
				GCC_WARN_UNDECLARED_SELECTOR = YES;
				GCC_WARN_UNINITIALIZED_AUTOS = YES_AGGRESSIVE;
				GCC_WARN_UNUSED_FUNCTION = YES;
				GCC_WARN_UNUSED_VARIABLE = YES;
				IPHONEOS_DEPLOYMENT_TARGET = 14.4;
				MTL_ENABLE_DEBUG_INFO = NO;
				MTL_FAST_MATH = YES;
				SDKROOT = iphoneos;
				SWIFT_COMPILATION_MODE = wholemodule;
				SWIFT_OPTIMIZATION_LEVEL = "-O";
				VALIDATE_PRODUCT = YES;
			};
			name = Release;
		};
		FD29899025D4BA220004A292 /* Debug */ = {
			isa = XCBuildConfiguration;
			baseConfigurationReference = 113EACA667BD16AA5675317B /* Pods-ArtistInformation.debug.xcconfig */;
			buildSettings = {
				ASSETCATALOG_COMPILER_APPICON_NAME = AppIcon;
				ASSETCATALOG_COMPILER_GLOBAL_ACCENT_COLOR_NAME = AccentColor;
				CODE_SIGN_STYLE = Automatic;
				DEVELOPMENT_ASSET_PATHS = "\"ArtistInformation/Preview Content\"";
				DEVELOPMENT_TEAM = 772G68LLWQ;
				ENABLE_PREVIEWS = YES;
				INFOPLIST_FILE = ArtistInformation/Info.plist;
				IPHONEOS_DEPLOYMENT_TARGET = 14.0;
				LD_RUNPATH_SEARCH_PATHS = (
					"$(inherited)",
					"@executable_path/Frameworks",
				);
				PRODUCT_BUNDLE_IDENTIFIER = com.ronniejoubert.ArtistInformation;
				PRODUCT_NAME = "$(TARGET_NAME)";
				SWIFT_VERSION = 5.0;
				TARGETED_DEVICE_FAMILY = "1,2";
			};
			name = Debug;
		};
		FD29899125D4BA220004A292 /* Release */ = {
			isa = XCBuildConfiguration;
			baseConfigurationReference = DB0D5B170269C3B622F74B8A /* Pods-ArtistInformation.release.xcconfig */;
			buildSettings = {
				ASSETCATALOG_COMPILER_APPICON_NAME = AppIcon;
				ASSETCATALOG_COMPILER_GLOBAL_ACCENT_COLOR_NAME = AccentColor;
				CODE_SIGN_STYLE = Automatic;
				DEVELOPMENT_ASSET_PATHS = "\"ArtistInformation/Preview Content\"";
				DEVELOPMENT_TEAM = 772G68LLWQ;
				ENABLE_PREVIEWS = YES;
				INFOPLIST_FILE = ArtistInformation/Info.plist;
				IPHONEOS_DEPLOYMENT_TARGET = 14.0;
				LD_RUNPATH_SEARCH_PATHS = (
					"$(inherited)",
					"@executable_path/Frameworks",
				);
				PRODUCT_BUNDLE_IDENTIFIER = com.ronniejoubert.ArtistInformation;
				PRODUCT_NAME = "$(TARGET_NAME)";
				SWIFT_VERSION = 5.0;
				TARGETED_DEVICE_FAMILY = "1,2";
			};
			name = Release;
		};
/* End XCBuildConfiguration section */

/* Begin XCConfigurationList section */
		FD29897B25D4BA210004A292 /* Build configuration list for PBXProject "ArtistInformation" */ = {
			isa = XCConfigurationList;
			buildConfigurations = (
				FD29898D25D4BA220004A292 /* Debug */,
				FD29898E25D4BA220004A292 /* Release */,
			);
			defaultConfigurationIsVisible = 0;
			defaultConfigurationName = Release;
		};
		FD29898F25D4BA220004A292 /* Build configuration list for PBXNativeTarget "ArtistInformation" */ = {
			isa = XCConfigurationList;
			buildConfigurations = (
				FD29899025D4BA220004A292 /* Debug */,
				FD29899125D4BA220004A292 /* Release */,
			);
			defaultConfigurationIsVisible = 0;
			defaultConfigurationName = Release;
		};
/* End XCConfigurationList section */
	};
	rootObject = FD29897825D4BA210004A292 /* Project object */;
}
